# THIS IS AN AUTOGENERATED FILE. DO NOT EDIT THIS FILE DIRECTLY.
# yarn lockfile v1


JSONStream@^1.3.5:
  version "1.3.5"
  resolved "https://registry.yarnpkg.com/JSONStream/-/JSONStream-1.3.5.tgz#3208c1f08d3a4d99261ab64f92302bc15e111ca0"
  integrity sha512-E+iruNOY8VV9s4JEbe1aNEm6MiszPRr/UfcHMz0TQh1BXSxHK+ASV1R6W4HpjBhSeS+54PIsAMCBmwD06LLsqQ==
  dependencies:
    jsonparse "^1.2.0"
    through ">=2.2.7 <3"

ansi-regex@^5.0.0:
  version "5.0.0"
  resolved "https://registry.npmjs.org/ansi-regex/-/ansi-regex-5.0.0.tgz"
  integrity sha512-bY6fj56OUQ0hU1KjFNDQuJFezqKdrAyFdIevADiqrWHwSlbmBNMHp5ak2f40Pm8JTFyM2mqxkG6ngkHO11f/lg==

ansi-styles@^4.0.0:
  version "4.3.0"
  resolved "https://registry.npmjs.org/ansi-styles/-/ansi-styles-4.3.0.tgz"
  integrity sha512-zbB9rCJAT1rbjiVDb2hqKFHNYLxgtk8NURxZ3IZwD3F6NtxbXZQCnnSi1Lkx+IDohdPlFp222wVALIheZJQSEg==
  dependencies:
    color-convert "^2.0.1"

charm@1.0.1:
  version "1.0.1"
  resolved "https://registry.npmjs.org/charm/-/charm-1.0.1.tgz"
  integrity sha1-aFZqelU9T+kXlwMN0YUtDdbvqC0=
  dependencies:
    inherits "^2.0.1"

cli-cursor@^1.0.2:
  version "1.0.2"
  resolved "https://registry.npmjs.org/cli-cursor/-/cli-cursor-1.0.2.tgz"
  integrity sha1-ZNo/fValRBLll5S9Ytw1KV6PKYc=
  dependencies:
    restore-cursor "^1.0.1"

cli-spinners@0.2.0:
  version "0.2.0"
  resolved "https://registry.npmjs.org/cli-spinners/-/cli-spinners-0.2.0.tgz"
  integrity sha1-hQeHN5E7iA9uyf/ntl6D7Hd2KE8=

cliui@^7.0.2:
  version "7.0.3"
  resolved "https://registry.npmjs.org/cliui/-/cliui-7.0.3.tgz"
  integrity sha512-Gj3QHTkVMPKqwP3f7B4KPkBZRMR9r4rfi5bXFpg1a+Svvj8l7q5CnkBkVQzfxT5DFSsGk2+PascOgL0JYkL2kw==
  dependencies:
    string-width "^4.2.0"
    strip-ansi "^6.0.0"
    wrap-ansi "^7.0.0"

color-convert@^2.0.1:
  version "2.0.1"
  resolved "https://registry.npmjs.org/color-convert/-/color-convert-2.0.1.tgz"
  integrity sha512-RRECPsj7iu/xb5oKYcsFHSppFNnsj/52OVTRKb4zP5onXwVF3zVmmToNcOfGC+CRDpfK/U584fMg38ZHCaElKQ==
  dependencies:
    color-name "~1.1.4"

color-name@~1.1.4:
  version "1.1.4"
  resolved "https://registry.npmjs.org/color-name/-/color-name-1.1.4.tgz"
  integrity sha512-dOy+3AuW3a2wNbZHIuMZpTcgjGuLU/uBL/ubcZF9OXbDo8ff4O8yVp5Bf0efS8uEoYo5q4Fx7dY9OgQGXgAsQA==

colors@1.1.2:
  version "1.1.2"
  resolved "https://registry.npmjs.org/colors/-/colors-1.1.2.tgz"
  integrity sha1-FopHAXVran9RoSzgyXv6KMCE7WM=

emoji-regex@^8.0.0:
  version "8.0.0"
  resolved "https://registry.npmjs.org/emoji-regex/-/emoji-regex-8.0.0.tgz"
  integrity sha512-MSjYzcWNOA0ewAHpz0MxpYFvwg6yjy1NG3xteoqz644VCo/RPgnr1/GGt+ic3iJTzQ8Eu3TdM14SawnVUmGE6A==

escalade@^3.1.1:
  version "3.1.1"
  resolved "https://registry.npmjs.org/escalade/-/escalade-3.1.1.tgz"
  integrity sha512-k0er2gUkLf8O0zKJiAhmkTnJlTvINGv7ygDNPbeIsX/TJjGJZHuh9B2UxbsaEkmlEo9MfhrSzmhIlhRlI2GXnw==

exit-hook@^1.0.0:
  version "1.1.1"
  resolved "https://registry.npmjs.org/exit-hook/-/exit-hook-1.1.1.tgz"
  integrity sha1-8FyiM7SMBdVP/wd2XfhQfpXAL/g=

get-caller-file@^2.0.5:
  version "2.0.5"
  resolved "https://registry.npmjs.org/get-caller-file/-/get-caller-file-2.0.5.tgz"
  integrity sha512-DyFP3BM/3YHTQOCUL/w0OZHR0lpKeGrxotcHWcqNEdnltqFwXVfhEBQ94eIo34AfQpo0rGki4cyIiftY06h2Fg==

inherits@^2.0.1:
  version "2.0.4"
  resolved "https://registry.npmjs.org/inherits/-/inherits-2.0.4.tgz"
  integrity sha512-k/vGaX4/Yla3WzyMCvTQOXYeIHvqOKtnqBduzTHpzpQZzAskKMhZ2K+EnBiSM9zGSoIFeMpXKxa4dYeZIQqewQ==

is-fullwidth-code-point@^3.0.0:
  version "3.0.0"
  resolved "https://registry.npmjs.org/is-fullwidth-code-point/-/is-fullwidth-code-point-3.0.0.tgz"
  integrity sha512-zymm5+u+sCsSWyD9qNaejV3DFvhCKclKdizYaJUuHA83RLjb7nSuGnddCHGv0hk+KY7BMAlsWeK4Ueg6EV6XQg==

jsonparse@^1.2.0:
  version "1.3.1"
  resolved "https://registry.yarnpkg.com/jsonparse/-/jsonparse-1.3.1.tgz#3f4dae4a91fac315f71062f8521cc239f1366280"
  integrity sha1-P02uSpH6wxX3EGL4UhzCOfE2YoA=

jsonschema@^1.3.0:
  version "1.3.0"
  resolved "https://registry.npmjs.org/jsonschema/-/jsonschema-1.3.0.tgz"
  integrity sha512-qg48ckmeeQNPyPAUVIb4Qgmg/U2Kgg5SuEyMs8Z72cnxsw5Ra088U/Foi6sMp/cs7sZ+LNrmvX0Ww+ohE2By0g==

node-status@^1.0.0:
  version "1.0.0"
  resolved "https://registry.npmjs.org/node-status/-/node-status-1.0.0.tgz"
  integrity sha1-eQanxHplh9A0lr907GNKuqA/joA=
  dependencies:
    charm "1.0.1"
    cli-cursor "^1.0.2"
    cli-spinners "0.2.0"
    colors "1.1.2"

onetime@^1.0.0:
  version "1.1.0"
  resolved "https://registry.npmjs.org/onetime/-/onetime-1.1.0.tgz"
  integrity sha1-ofeDj4MUxRbwXs78vEzP4EtO14k=

readline@^1.3.0:
  version "1.3.0"
  resolved "https://registry.npmjs.org/readline/-/readline-1.3.0.tgz"
  integrity sha1-xYDXfvLPyHUrEySYBg3JeTp6wBw=

require-directory@^2.1.1:
  version "2.1.1"
  resolved "https://registry.npmjs.org/require-directory/-/require-directory-2.1.1.tgz"
  integrity sha1-jGStX9MNqxyXbiNE/+f3kqam30I=

restore-cursor@^1.0.1:
  version "1.0.1"
  resolved "https://registry.npmjs.org/restore-cursor/-/restore-cursor-1.0.1.tgz"
  integrity sha1-NGYfRohjJ/7SmRR5FSJS35LapUE=
  dependencies:
    exit-hook "^1.0.0"
    onetime "^1.0.0"

string-width@^4.1.0, string-width@^4.2.0:
  version "4.2.0"
  resolved "https://registry.npmjs.org/string-width/-/string-width-4.2.0.tgz"
  integrity sha512-zUz5JD+tgqtuDjMhwIg5uFVV3dtqZ9yQJlZVfq4I01/K5Paj5UHj7VyrQOJvzawSVlKpObApbfD0Ed6yJc+1eg==
  dependencies:
    emoji-regex "^8.0.0"
    is-fullwidth-code-point "^3.0.0"
    strip-ansi "^6.0.0"

strip-ansi@^6.0.0:
  version "6.0.0"
  resolved "https://registry.npmjs.org/strip-ansi/-/strip-ansi-6.0.0.tgz"
  integrity sha512-AuvKTrTfQNYNIctbR1K/YGTR1756GycPsg7b9bdV9Duqur4gv6aKqHXah67Z8ImS7WEz5QVcOtlfW2rZEugt6w==
  dependencies:
    ansi-regex "^5.0.0"

"through@>=2.2.7 <3":
  version "2.3.8"
  resolved "https://registry.yarnpkg.com/through/-/through-2.3.8.tgz#0dd4c9ffaabc357960b1b724115d7e0e86a2e1f5"
  integrity sha1-DdTJ/6q8NXlgsbckEV1+Doai4fU=

wrap-ansi@^7.0.0:
  version "7.0.0"
  resolved "https://registry.npmjs.org/wrap-ansi/-/wrap-ansi-7.0.0.tgz"
  integrity sha512-YVGIj2kamLSTxw6NsZjoBxfSwsn0ycdesmc4p+Q21c5zPuZ1pl+NfxVdxPtdHvmNVOQ6XSYG4AUtyt/Fi7D16Q==
  dependencies:
    ansi-styles "^4.0.0"
    string-width "^4.1.0"
    strip-ansi "^6.0.0"

y18n@^5.0.2:
  version "5.0.4"
  resolved "https://registry.npmjs.org/y18n/-/y18n-5.0.4.tgz"
  integrity sha512-deLOfD+RvFgrpAmSZgfGdWYE+OKyHcVHaRQ7NphG/63scpRvTHHeQMAxGGvaLVGJ+HYVcCXlzcTK0ZehFf+eHQ==

yargs-parser@^20.2.2:
  version "20.2.3"
  resolved "https://registry.npmjs.org/yargs-parser/-/yargs-parser-20.2.3.tgz"
  integrity sha512-emOFRT9WVHw03QSvN5qor9QQT9+sw5vwxfYweivSMHTcAXPefwVae2FjO7JJjj8hCE4CzPOPeFM83VwT29HCww==

yargs@^16.1.0:
  version "16.1.0"
  resolved "https://registry.npmjs.org/yargs/-/yargs-16.1.0.tgz"
  integrity sha512-upWFJOmDdHN0syLuESuvXDmrRcWd1QafJolHskzaw79uZa7/x53gxQKiR07W59GWY1tFhhU/Th9DrtSfpS782g==
  dependencies:
    cliui "^7.0.2"
    escalade "^3.1.1"
    get-caller-file "^2.0.5"
    require-directory "^2.1.1"
    string-width "^4.2.0"
    y18n "^5.0.2"
    yargs-parser "^20.2.2"
